
Microsoft Visual Studio Solution File, Format Version 12.00
# Visual Studio Version 16
VisualStudioVersion = 16.0.31702.278
MinimumVisualStudioVersion = 10.0.40219.1
Project("{FAE04EC0-301F-11D3-BF4B-00C04F79EFBC}") = "Exemple_pour_git", "Exemple_pour_git\Exemple_pour_git.csproj", "{06667E2D-A1E9-4A13-867F-58260081EADF}"
EndProject
Global
	GlobalSection(SolutionConfigurationPlatforms) = preSolution
		Debug|Any CPU = Debug|Any CPU
		Release|Any CPU = Release|Any CPU
	EndGlobalSection
	GlobalSection(ProjectConfigurationPlatforms) = postSolution
		{06667E2D-A1E9-4A13-867F-58260081EADF}.Debug|Any CPU.ActiveCfg = Debug|Any CPU
		{06667E2D-A1E9-4A13-867F-58260081EADF}.Debug|Any CPU.Build.0 = Debug|Any CPU
		{06667E2D-A1E9-4A13-867F-58260081EADF}.Release|Any CPU.ActiveCfg = Release|Any CPU
		{06667E2D-A1E9-4A13-867F-58260081EADF}.Release|Any CPU.Build.0 = Release|Any CPU
	EndGlobalSection
	GlobalSection(SolutionProperties) = preSolution
		HideSolutionNode = FALSE
	EndGlobalSection
	GlobalSection(ExtensibilityGlobals) = postSolution
		SolutionGuid = {AE656722-593A-4CB6-8D24-0A8A7062914B}
	EndGlobalSection
EndGlobal
